
Microsoft Visual Studio Solution File, Format Version 12.00
# Visual Studio 14
VisualStudioVersion = 14.0.25420.1
MinimumVisualStudioVersion = 10.0.40219.1
Project("{8BC9CEB8-8B4A-11D0-8D11-00A0C91BC942}") = "Life", "Life\Life.vcxproj", "{4716C364-C8CF-419B-B899-25BE8F14E700}"
EndProject
Project("{2150E333-8FDC-42A3-9474-1A3956D46DE8}") = "Solution Items", "Solution Items", "{D49B3845-9288-4FD5-A3AB-142EBEAB8D20}"
EndProject
Global
	GlobalSection(SolutionConfigurationPlatforms) = preSolution
		Debug|x64 = Debug|x64
		Debug|x86 = Debug|x86
		Release|x64 = Release|x64
		Release|x86 = Release|x86
	EndGlobalSection
	GlobalSection(ProjectConfigurationPlatforms) = postSolution
		{4716C364-C8CF-419B-B899-25BE8F14E700}.Debug|x64.ActiveCfg = Debug|x64
		{4716C364-C8CF-419B-B899-25BE8F14E700}.Debug|x64.Build.0 = Debug|x64
		{4716C364-C8CF-419B-B899-25BE8F14E700}.Debug|x86.ActiveCfg = Debug|Win32
		{4716C364-C8CF-419B-B899-25BE8F14E700}.Debug|x86.Build.0 = Debug|Win32
		{4716C364-C8CF-419B-B899-25BE8F14E700}.Release|x64.ActiveCfg = Release|x64
		{4716C364-C8CF-419B-B899-25BE8F14E700}.Release|x64.Build.0 = Release|x64
		{4716C364-C8CF-419B-B899-25BE8F14E700}.Release|x86.ActiveCfg = Release|Win32
		{4716C364-C8CF-419B-B899-25BE8F14E700}.Release|x86.Build.0 = Release|Win32
	EndGlobalSection
	GlobalSection(SolutionProperties) = preSolution
		HideSolutionNode = FALSE
	EndGlobalSection
EndGlobal
